PODS:
  - PSACommon (1.0.1):
    - SAMKeychain
  - PSAUI (0.0.1):
    - PSACommon
  - SAMKeychain (1.5.3)

DEPENDENCIES:
  - PSACommon
  - PSAUI (from `../`)

SPEC REPOS:
  https://github.com/cocoapods/specs.git:
    - PSACommon
    - SAMKeychain

EXTERNAL SOURCES:
  PSAUI:
    :path: "../"

SPEC CHECKSUMS:
  PSACommon: 04a659d02e4454f5e80e7815923f760f9cce36a6
  PSAUI: 47ac414b2e564e1502855de374069fae4949bd12
  SAMKeychain: 483e1c9f32984d50ca961e26818a534283b4cd5c

PODFILE CHECKSUM: 9a2f90af7139f67a3e9ac7df5faf87636c3a5b58

COCOAPODS: 1.5.3
