PODS:
  - PSACommon (1.0.2):
    - SAMKeychain
  - SAMKeychain (1.5.3)

DEPENDENCIES:
  - PSACommon (~> 1.0.2)

SPEC REPOS:
  https://github.com/cocoapods/specs.git:
    - PSACommon
    - SAMKeychain

SPEC CHECKSUMS:
  PSACommon: a6357ffbb43b6b3552692ac8937ac170612ebdad
  SAMKeychain: 483e1c9f32984d50ca961e26818a534283b4cd5c

PODFILE CHECKSUM: ca63dec97148b7df0bd59fb6a8480d1935c4c614

COCOAPODS: 1.5.3
